PODS:
  - SHTestCaseAdditions (1.1.0)
  - SHWebViewBlocks (1.1.0)

DEPENDENCIES:
  - SHTestCaseAdditions
  - SHWebViewBlocks (from `../`)

EXTERNAL SOURCES:
  SHWebViewBlocks:
    :path: ../

SPEC CHECKSUMS:
  SHTestCaseAdditions: 0c64108c62ba04b01cb7d237a4cf6acf1176af45
  SHWebViewBlocks: 41ed6cfdc3f31124a4a92c52b2603d9bd4e40310

COCOAPODS: 0.23.0
